
Microsoft Visual Studio Solution File, Format Version 12.00
# Visual Studio Version 17
VisualStudioVersion = 17.14.36202.13
MinimumVisualStudioVersion = 10.0.40219.1
Project("{FAE04EC0-301F-11D3-BF4B-00C04F79EFBC}") = "eUseControl.BusinessLogic", "eUseControl.BusinessLogic\eUseControl.BusinessLogic.csproj", "{69063CCE-6C83-4D81-86A4-5ACFFCD60B94}"
EndProject
Project("{FAE04EC0-301F-11D3-BF4B-00C04F79EFBC}") = "eUseControl.Web", "eUseControl.Web\eUseControl.Web.csproj", "{9AA247B6-4A63-4A41-8607-4C58DE6D7748}"
EndProject
Global
	GlobalSection(SolutionConfigurationPlatforms) = preSolution
		Debug|Any CPU = Debug|Any CPU
		Release|Any CPU = Release|Any CPU
	EndGlobalSection
	GlobalSection(ProjectConfigurationPlatforms) = postSolution
		{69063CCE-6C83-4D81-86A4-5ACFFCD60B94}.Debug|Any CPU.ActiveCfg = Debug|Any CPU
		{69063CCE-6C83-4D81-86A4-5ACFFCD60B94}.Debug|Any CPU.Build.0 = Debug|Any CPU
		{69063CCE-6C83-4D81-86A4-5ACFFCD60B94}.Release|Any CPU.ActiveCfg = Release|Any CPU
		{69063CCE-6C83-4D81-86A4-5ACFFCD60B94}.Release|Any CPU.Build.0 = Release|Any CPU
		{9AA247B6-4A63-4A41-8607-4C58DE6D7748}.Debug|Any CPU.ActiveCfg = Debug|Any CPU
		{9AA247B6-4A63-4A41-8607-4C58DE6D7748}.Debug|Any CPU.Build.0 = Debug|Any CPU
		{9AA247B6-4A63-4A41-8607-4C58DE6D7748}.Release|Any CPU.ActiveCfg = Release|Any CPU
		{9AA247B6-4A63-4A41-8607-4C58DE6D7748}.Release|Any CPU.Build.0 = Release|Any CPU
	EndGlobalSection
	GlobalSection(SolutionProperties) = preSolution
		HideSolutionNode = FALSE
	EndGlobalSection
	GlobalSection(ExtensibilityGlobals) = postSolution
		SolutionGuid = {839C84B4-4DDC-4F6A-986F-0371D3B74231}
	EndGlobalSection
EndGlobal
